
Microsoft Visual Studio Solution File, Format Version 12.00
# Visual Studio Version 17
VisualStudioVersion = 17.12.35521.163 d17.12
MinimumVisualStudioVersion = 10.0.40219.1
Project("{FAE04EC0-301F-11D3-BF4B-00C04F79EFBC}") = "20250627", "20250627\20250627.csproj", "{50F9958F-6FF4-4AD1-BD26-6DB99E87761B}"
EndProject
Project("{FAE04EC0-301F-11D3-BF4B-00C04F79EFBC}") = "TestProject1", "TestProject1\TestProject1.csproj", "{553C8690-091B-4ACB-9DFD-CFE5CF934CC5}"
EndProject
Global
	GlobalSection(SolutionConfigurationPlatforms) = preSolution
		Debug|Any CPU = Debug|Any CPU
		Release|Any CPU = Release|Any CPU
	EndGlobalSection
	GlobalSection(ProjectConfigurationPlatforms) = postSolution
		{50F9958F-6FF4-4AD1-BD26-6DB99E87761B}.Debug|Any CPU.ActiveCfg = Debug|Any CPU
		{50F9958F-6FF4-4AD1-BD26-6DB99E87761B}.Debug|Any CPU.Build.0 = Debug|Any CPU
		{50F9958F-6FF4-4AD1-BD26-6DB99E87761B}.Release|Any CPU.ActiveCfg = Release|Any CPU
		{50F9958F-6FF4-4AD1-BD26-6DB99E87761B}.Release|Any CPU.Build.0 = Release|Any CPU
		{553C8690-091B-4ACB-9DFD-CFE5CF934CC5}.Debug|Any CPU.ActiveCfg = Debug|Any CPU
		{553C8690-091B-4ACB-9DFD-CFE5CF934CC5}.Debug|Any CPU.Build.0 = Debug|Any CPU
		{553C8690-091B-4ACB-9DFD-CFE5CF934CC5}.Release|Any CPU.ActiveCfg = Release|Any CPU
		{553C8690-091B-4ACB-9DFD-CFE5CF934CC5}.Release|Any CPU.Build.0 = Release|Any CPU
	EndGlobalSection
	GlobalSection(SolutionProperties) = preSolution
		HideSolutionNode = FALSE
	EndGlobalSection
EndGlobal
